
Microsoft Visual Studio Solution File, Format Version 12.00
# Visual Studio Version 16
VisualStudioVersion = 16.0.32413.511
MinimumVisualStudioVersion = 10.0.40219.1
Project("{FAE04EC0-301F-11D3-BF4B-00C04F79EFBC}") = "Employee_Crud_Operation", "Employee_Crud_Operation\Employee_Crud_Operation.csproj", "{48D44CD2-8FC8-44D9-99D9-C83F8AC05D5D}"
EndProject
Global
	GlobalSection(SolutionConfigurationPlatforms) = preSolution
		Debug|Any CPU = Debug|Any CPU
		Release|Any CPU = Release|Any CPU
	EndGlobalSection
	GlobalSection(ProjectConfigurationPlatforms) = postSolution
		{48D44CD2-8FC8-44D9-99D9-C83F8AC05D5D}.Debug|Any CPU.ActiveCfg = Debug|Any CPU
		{48D44CD2-8FC8-44D9-99D9-C83F8AC05D5D}.Debug|Any CPU.Build.0 = Debug|Any CPU
		{48D44CD2-8FC8-44D9-99D9-C83F8AC05D5D}.Release|Any CPU.ActiveCfg = Release|Any CPU
		{48D44CD2-8FC8-44D9-99D9-C83F8AC05D5D}.Release|Any CPU.Build.0 = Release|Any CPU
	EndGlobalSection
	GlobalSection(SolutionProperties) = preSolution
		HideSolutionNode = FALSE
	EndGlobalSection
	GlobalSection(ExtensibilityGlobals) = postSolution
		SolutionGuid = {C468FAA3-4D5E-43FE-A6CA-1380661E4368}
	EndGlobalSection
EndGlobal
